
Microsoft Visual Studio Solution File, Format Version 12.00
# Visual Studio Version 16
VisualStudioVersion = 16.0.31613.86
MinimumVisualStudioVersion = 10.0.40219.1
Project("{FAE04EC0-301F-11D3-BF4B-00C04F79EFBC}") = "CalcIFelse", "CalcIFelse\CalcIFelse.csproj", "{4912E7B5-9DFB-4DAA-8704-49943DB3713D}"
EndProject
Global
	GlobalSection(SolutionConfigurationPlatforms) = preSolution
		Debug|Any CPU = Debug|Any CPU
		Release|Any CPU = Release|Any CPU
	EndGlobalSection
	GlobalSection(ProjectConfigurationPlatforms) = postSolution
		{4912E7B5-9DFB-4DAA-8704-49943DB3713D}.Debug|Any CPU.ActiveCfg = Debug|Any CPU
		{4912E7B5-9DFB-4DAA-8704-49943DB3713D}.Debug|Any CPU.Build.0 = Debug|Any CPU
		{4912E7B5-9DFB-4DAA-8704-49943DB3713D}.Release|Any CPU.ActiveCfg = Release|Any CPU
		{4912E7B5-9DFB-4DAA-8704-49943DB3713D}.Release|Any CPU.Build.0 = Release|Any CPU
	EndGlobalSection
	GlobalSection(SolutionProperties) = preSolution
		HideSolutionNode = FALSE
	EndGlobalSection
	GlobalSection(ExtensibilityGlobals) = postSolution
		SolutionGuid = {5673FC2E-9A0E-4637-9BF2-EC1C062E7DF1}
	EndGlobalSection
EndGlobal
